
Microsoft Visual Studio Solution File, Format Version 12.00
# Visual Studio 15
VisualStudioVersion = 15.0.28307.271
MinimumVisualStudioVersion = 10.0.40219.1
Project("{FAE04EC0-301F-11D3-BF4B-00C04F79EFBC}") = "TheHardestGame", "TheHardestGame\TheHardestGame.csproj", "{4399A192-EF55-4E83-A981-257ECA32CA70}"
EndProject
Global
	GlobalSection(SolutionConfigurationPlatforms) = preSolution
		Debug|Any CPU = Debug|Any CPU
		Release|Any CPU = Release|Any CPU
	EndGlobalSection
	GlobalSection(ProjectConfigurationPlatforms) = postSolution
		{4399A192-EF55-4E83-A981-257ECA32CA70}.Debug|Any CPU.ActiveCfg = Debug|Any CPU
		{4399A192-EF55-4E83-A981-257ECA32CA70}.Debug|Any CPU.Build.0 = Debug|Any CPU
		{4399A192-EF55-4E83-A981-257ECA32CA70}.Release|Any CPU.ActiveCfg = Release|Any CPU
		{4399A192-EF55-4E83-A981-257ECA32CA70}.Release|Any CPU.Build.0 = Release|Any CPU
	EndGlobalSection
	GlobalSection(SolutionProperties) = preSolution
		HideSolutionNode = FALSE
	EndGlobalSection
	GlobalSection(ExtensibilityGlobals) = postSolution
		SolutionGuid = {E68AD713-E44B-42CD-97C9-D10E055F5676}
	EndGlobalSection
EndGlobal
